
Microsoft Visual Studio Solution File, Format Version 12.00
# Visual Studio Version 17
VisualStudioVersion = 17.11.35431.28
MinimumVisualStudioVersion = 10.0.40219.1
Project("{FAE04EC0-301F-11D3-BF4B-00C04F79EFBC}") = "class_app", "class_app\class_app.csproj", "{62DB2BAC-C0FE-40A1-88AB-EABFD5B5B626}"
EndProject
Global
	GlobalSection(SolutionConfigurationPlatforms) = preSolution
		Debug|Any CPU = Debug|Any CPU
		Release|Any CPU = Release|Any CPU
	EndGlobalSection
	GlobalSection(ProjectConfigurationPlatforms) = postSolution
		{62DB2BAC-C0FE-40A1-88AB-EABFD5B5B626}.Debug|Any CPU.ActiveCfg = Debug|Any CPU
		{62DB2BAC-C0FE-40A1-88AB-EABFD5B5B626}.Debug|Any CPU.Build.0 = Debug|Any CPU
		{62DB2BAC-C0FE-40A1-88AB-EABFD5B5B626}.Release|Any CPU.ActiveCfg = Release|Any CPU
		{62DB2BAC-C0FE-40A1-88AB-EABFD5B5B626}.Release|Any CPU.Build.0 = Release|Any CPU
	EndGlobalSection
	GlobalSection(SolutionProperties) = preSolution
		HideSolutionNode = FALSE
	EndGlobalSection
	GlobalSection(ExtensibilityGlobals) = postSolution
		SolutionGuid = {96C5490D-E324-4ED2-AFC4-0A1DF34E9826}
	EndGlobalSection
EndGlobal
